
Microsoft Visual Studio Solution File, Format Version 12.00
# Visual Studio Version 16
VisualStudioVersion = 16.0.30002.166
MinimumVisualStudioVersion = 10.0.40219.1
Project("{FAE04EC0-301F-11D3-BF4B-00C04F79EFBC}") = "WindowsFormsApp1", "WindowsFormsApp1\WindowsFormsApp1.csproj", "{29CCFBE2-0A37-4A6E-938D-3BAF98FC1CEF}"
EndProject
Global
	GlobalSection(SolutionConfigurationPlatforms) = preSolution
		Debug|Any CPU = Debug|Any CPU
		Release|Any CPU = Release|Any CPU
	EndGlobalSection
	GlobalSection(ProjectConfigurationPlatforms) = postSolution
		{29CCFBE2-0A37-4A6E-938D-3BAF98FC1CEF}.Debug|Any CPU.ActiveCfg = Debug|Any CPU
		{29CCFBE2-0A37-4A6E-938D-3BAF98FC1CEF}.Debug|Any CPU.Build.0 = Debug|Any CPU
		{29CCFBE2-0A37-4A6E-938D-3BAF98FC1CEF}.Release|Any CPU.ActiveCfg = Release|Any CPU
		{29CCFBE2-0A37-4A6E-938D-3BAF98FC1CEF}.Release|Any CPU.Build.0 = Release|Any CPU
	EndGlobalSection
	GlobalSection(SolutionProperties) = preSolution
		HideSolutionNode = FALSE
	EndGlobalSection
	GlobalSection(ExtensibilityGlobals) = postSolution
		SolutionGuid = {B2674974-9F00-456A-96BF-4F67ED8A1528}
	EndGlobalSection
EndGlobal
