
Microsoft Visual Studio Solution File, Format Version 12.00
# Visual Studio Version 16
VisualStudioVersion = 16.0.29613.14
MinimumVisualStudioVersion = 10.0.40219.1
Project("{FAE04EC0-301F-11D3-BF4B-00C04F79EFBC}") = "RGZ_TER_Ver", "RGZ_TER_Ver\RGZ_TER_Ver.csproj", "{29F7132F-94FE-4119-A4A3-CAE1E9F83C76}"
EndProject
Global
	GlobalSection(SolutionConfigurationPlatforms) = preSolution
		Debug|Any CPU = Debug|Any CPU
		Release|Any CPU = Release|Any CPU
	EndGlobalSection
	GlobalSection(ProjectConfigurationPlatforms) = postSolution
		{29F7132F-94FE-4119-A4A3-CAE1E9F83C76}.Debug|Any CPU.ActiveCfg = Debug|Any CPU
		{29F7132F-94FE-4119-A4A3-CAE1E9F83C76}.Debug|Any CPU.Build.0 = Debug|Any CPU
		{29F7132F-94FE-4119-A4A3-CAE1E9F83C76}.Release|Any CPU.ActiveCfg = Release|Any CPU
		{29F7132F-94FE-4119-A4A3-CAE1E9F83C76}.Release|Any CPU.Build.0 = Release|Any CPU
	EndGlobalSection
	GlobalSection(SolutionProperties) = preSolution
		HideSolutionNode = FALSE
	EndGlobalSection
	GlobalSection(ExtensibilityGlobals) = postSolution
		SolutionGuid = {FF79AE40-8BA0-4AFB-9DB8-26626B197286}
	EndGlobalSection
EndGlobal
